{
  "name": "mousecat",
  "version": "1.6.0-alpha",
  "lockfileVersion": 3,
  "requires": true,
  "packages": {
    "": {
      "name": "mousecat",
      "version": "1.6.0-alpha",
      "license": "SEE LICENSE IN LICENSE",
      "dependencies": {
        "lucide": "^1.24.0"
      },
      "bin": {
        "mousecat": "src/cli.mjs"
      },
      "engines": {
        "node": ">=20"
      }
    },
    "node_modules/lucide": {
      "version": "1.24.0",
      "resolved": "https://registry.npmjs.org/lucide/-/lucide-1.24.0.tgz",
      "integrity": "sha512-oMAaeuNDc5VCnBb3IjwKYGRT56tqanUm1fyDFT5Tl8hWSZND59gztgjvXje08jKLPVAq0gHJcwZUE8GCQxzBeg==",
      "license": "ISC"
    }
  }
}
